
Microsoft Visual Studio Solution File, Format Version 12.00
# Visual Studio Version 17
VisualStudioVersion = 17.4.33110.190
MinimumVisualStudioVersion = 10.0.40219.1
Project("{FAE04EC0-301F-11D3-BF4B-00C04F79EFBC}") = "VitaeSystem", "VitaeSystem.csproj", "{90A8CAD0-FA76-4DA1-BEC5-77053D85F66C}"
EndProject
Global
	GlobalSection(SolutionConfigurationPlatforms) = preSolution
		Debug|Any CPU = Debug|Any CPU
		Release|Any CPU = Release|Any CPU
	EndGlobalSection
	GlobalSection(ProjectConfigurationPlatforms) = postSolution
		{90A8CAD0-FA76-4DA1-BEC5-77053D85F66C}.Debug|Any CPU.ActiveCfg = Debug|Any CPU
		{90A8CAD0-FA76-4DA1-BEC5-77053D85F66C}.Debug|Any CPU.Build.0 = Debug|Any CPU
		{90A8CAD0-FA76-4DA1-BEC5-77053D85F66C}.Release|Any CPU.ActiveCfg = Release|Any CPU
		{90A8CAD0-FA76-4DA1-BEC5-77053D85F66C}.Release|Any CPU.Build.0 = Release|Any CPU
	EndGlobalSection
	GlobalSection(SolutionProperties) = preSolution
		HideSolutionNode = FALSE
	EndGlobalSection
	GlobalSection(ExtensibilityGlobals) = postSolution
		SolutionGuid = {DF80B2D4-CFDD-42DE-B419-DF3BB26EE99A}
	EndGlobalSection
EndGlobal
